
Microsoft Visual Studio Solution File, Format Version 12.00
# Visual Studio Version 16
VisualStudioVersion = 16.0.29424.173
MinimumVisualStudioVersion = 10.0.40219.1
Project("{FAE04EC0-301F-11D3-BF4B-00C04F79EFBC}") = "homework", "homework\homework.csproj", "{AC6CAE91-ECE6-414B-8BB0-118946335FE4}"
EndProject
Global
	GlobalSection(SolutionConfigurationPlatforms) = preSolution
		Debug|Any CPU = Debug|Any CPU
		Release|Any CPU = Release|Any CPU
	EndGlobalSection
	GlobalSection(ProjectConfigurationPlatforms) = postSolution
		{AC6CAE91-ECE6-414B-8BB0-118946335FE4}.Debug|Any CPU.ActiveCfg = Debug|Any CPU
		{AC6CAE91-ECE6-414B-8BB0-118946335FE4}.Debug|Any CPU.Build.0 = Debug|Any CPU
		{AC6CAE91-ECE6-414B-8BB0-118946335FE4}.Release|Any CPU.ActiveCfg = Release|Any CPU
		{AC6CAE91-ECE6-414B-8BB0-118946335FE4}.Release|Any CPU.Build.0 = Release|Any CPU
	EndGlobalSection
	GlobalSection(SolutionProperties) = preSolution
		HideSolutionNode = FALSE
	EndGlobalSection
	GlobalSection(ExtensibilityGlobals) = postSolution
		SolutionGuid = {EB77E1F9-16D8-4618-B02F-7A12A9CA5E57}
	EndGlobalSection
EndGlobal
