
Microsoft Visual Studio Solution File, Format Version 12.00
# Visual Studio Version 16
VisualStudioVersion = 16.0.29424.173
MinimumVisualStudioVersion = 10.0.40219.1
Project("{FAE04EC0-301F-11D3-BF4B-00C04F79EFBC}") = "home 2", "home 2\home 2.csproj", "{A7C82BEC-F755-4CDF-8094-D85C4DEF219A}"
EndProject
Global
	GlobalSection(SolutionConfigurationPlatforms) = preSolution
		Debug|Any CPU = Debug|Any CPU
		Release|Any CPU = Release|Any CPU
	EndGlobalSection
	GlobalSection(ProjectConfigurationPlatforms) = postSolution
		{A7C82BEC-F755-4CDF-8094-D85C4DEF219A}.Debug|Any CPU.ActiveCfg = Debug|Any CPU
		{A7C82BEC-F755-4CDF-8094-D85C4DEF219A}.Debug|Any CPU.Build.0 = Debug|Any CPU
		{A7C82BEC-F755-4CDF-8094-D85C4DEF219A}.Release|Any CPU.ActiveCfg = Release|Any CPU
		{A7C82BEC-F755-4CDF-8094-D85C4DEF219A}.Release|Any CPU.Build.0 = Release|Any CPU
	EndGlobalSection
	GlobalSection(SolutionProperties) = preSolution
		HideSolutionNode = FALSE
	EndGlobalSection
	GlobalSection(ExtensibilityGlobals) = postSolution
		SolutionGuid = {A9B7FD7A-6524-44C8-B55D-A0508F916B57}
	EndGlobalSection
EndGlobal
